
Microsoft Visual Studio Solution File, Format Version 12.00
# Visual Studio Version 16
VisualStudioVersion = 16.0.31424.327
MinimumVisualStudioVersion = 10.0.40219.1
Project("{9A19103F-16F7-4668-BE54-9A1E7A4F7556}") = "MTCG_Projekt", "MTCG_Projekt\MTCG_Projekt.csproj", "{C99E4BBE-E4C4-4878-959D-F6D0FD2D253C}"
EndProject
Project("{9A19103F-16F7-4668-BE54-9A1E7A4F7556}") = "Business", "Business\Business.csproj", "{EC9CBA03-CC65-48E8-B236-EDB05093EB49}"
EndProject
Project("{FAE04EC0-301F-11D3-BF4B-00C04F79EFBC}") = "Business.Test", "Business.Test\Business.Test.csproj", "{8C1B803E-7429-4491-AD04-90212D5D71AE}"
EndProject
Global
	GlobalSection(SolutionConfigurationPlatforms) = preSolution
		Debug|Any CPU = Debug|Any CPU
		Release|Any CPU = Release|Any CPU
	EndGlobalSection
	GlobalSection(ProjectConfigurationPlatforms) = postSolution
		{C99E4BBE-E4C4-4878-959D-F6D0FD2D253C}.Debug|Any CPU.ActiveCfg = Debug|Any CPU
		{C99E4BBE-E4C4-4878-959D-F6D0FD2D253C}.Debug|Any CPU.Build.0 = Debug|Any CPU
		{C99E4BBE-E4C4-4878-959D-F6D0FD2D253C}.Release|Any CPU.ActiveCfg = Release|Any CPU
		{C99E4BBE-E4C4-4878-959D-F6D0FD2D253C}.Release|Any CPU.Build.0 = Release|Any CPU
		{EC9CBA03-CC65-48E8-B236-EDB05093EB49}.Debug|Any CPU.ActiveCfg = Debug|Any CPU
		{EC9CBA03-CC65-48E8-B236-EDB05093EB49}.Debug|Any CPU.Build.0 = Debug|Any CPU
		{EC9CBA03-CC65-48E8-B236-EDB05093EB49}.Release|Any CPU.ActiveCfg = Release|Any CPU
		{EC9CBA03-CC65-48E8-B236-EDB05093EB49}.Release|Any CPU.Build.0 = Release|Any CPU
		{8C1B803E-7429-4491-AD04-90212D5D71AE}.Debug|Any CPU.ActiveCfg = Debug|Any CPU
		{8C1B803E-7429-4491-AD04-90212D5D71AE}.Debug|Any CPU.Build.0 = Debug|Any CPU
		{8C1B803E-7429-4491-AD04-90212D5D71AE}.Release|Any CPU.ActiveCfg = Release|Any CPU
		{8C1B803E-7429-4491-AD04-90212D5D71AE}.Release|Any CPU.Build.0 = Release|Any CPU
	EndGlobalSection
	GlobalSection(SolutionProperties) = preSolution
		HideSolutionNode = FALSE
	EndGlobalSection
	GlobalSection(ExtensibilityGlobals) = postSolution
		SolutionGuid = {7317635E-2270-4435-B573-CC1C343D8129}
	EndGlobalSection
EndGlobal
